// !$*UTF8*$!
{
	archiveVersion = 1;
	classes = {
	};
	objectVersion = 50;
	objects = {

/* Begin PBXBuildFile section */
		076279E925F6178C0034F3F4 /* AppDelegate.swift in Sources */ = {isa = PBXBuildFile; fileRef = 076279E825F6178C0034F3F4 /* AppDelegate.swift */; };
		076279ED25F6178C0034F3F4 /* ViewController.swift in Sources */ = {isa = PBXBuildFile; fileRef = 076279EC25F6178C0034F3F4 /* ViewController.swift */; };
		076279F025F6178C0034F3F4 /* Main.storyboard in Resources */ = {isa = PBXBuildFile; fileRef = 076279EE25F6178C0034F3F4 /* Main.storyboard */; };
		076279F225F6178D0034F3F4 /* Assets.xcassets in Resources */ = {isa = PBXBuildFile; fileRef = 076279F125F6178D0034F3F4 /* Assets.xcassets */; };
		076279F525F6178D0034F3F4 /* LaunchScreen.storyboard in Resources */ = {isa = PBXBuildFile; fileRef = 076279F325F6178D0034F3F4 /* LaunchScreen.storyboard */; };
		07627A2825F61D700034F3F4 /* BaseCardDetectionViewController.swift in Sources */ = {isa = PBXBuildFile; fileRef = 07627A1D25F61D700034F3F4 /* BaseCardDetectionViewController.swift */; };
		07627A2925F61D700034F3F4 /* DetectionOperations.swift in Sources */ = {isa = PBXBuildFile; fileRef = 07627A1E25F61D700034F3F4 /* DetectionOperations.swift */; };
		07627A2A25F61D700034F3F4 /* CardDetectionViewController.xib in Resources */ = {isa = PBXBuildFile; fileRef = 07627A1F25F61D700034F3F4 /* CardDetectionViewController.xib */; };
		07627A2B25F61D700034F3F4 /* ObjectDetectionSessionHandler.swift in Sources */ = {isa = PBXBuildFile; fileRef = 07627A2025F61D700034F3F4 /* ObjectDetectionSessionHandler.swift */; };
		07627A2C25F61D700034F3F4 /* TorchSettings.swift in Sources */ = {isa = PBXBuildFile; fileRef = 07627A2125F61D700034F3F4 /* TorchSettings.swift */; };
		07627A2D25F61D700034F3F4 /* ObjectDetectionViewController.swift in Sources */ = {isa = PBXBuildFile; fileRef = 07627A2225F61D700034F3F4 /* ObjectDetectionViewController.swift */; };
		07627A2E25F61D700034F3F4 /* CMSampleBuffer+CGImage.swift in Sources */ = {isa = PBXBuildFile; fileRef = 07627A2325F61D700034F3F4 /* CMSampleBuffer+CGImage.swift */; };
		07627A2F25F61D700034F3F4 /* CardDetectionViewController.swift in Sources */ = {isa = PBXBuildFile; fileRef = 07627A2525F61D700034F3F4 /* CardDetectionViewController.swift */; };
		07627A3025F61D700034F3F4 /* CardDetectionViewControllerDelegate.swift in Sources */ = {isa = PBXBuildFile; fileRef = 07627A2625F61D700034F3F4 /* CardDetectionViewControllerDelegate.swift */; };
		07627A3125F61D700034F3F4 /* CardDetectionSettings.swift in Sources */ = {isa = PBXBuildFile; fileRef = 07627A2725F61D700034F3F4 /* CardDetectionSettings.swift */; };
		07627A3825F61E8B0034F3F4 /* SceneDelegate.swift in Sources */ = {isa = PBXBuildFile; fileRef = 07627A3725F61E8B0034F3F4 /* SceneDelegate.swift */; };
/* End PBXBuildFile section */

/* Begin PBXFileReference section */
		076279E525F6178C0034F3F4 /* IDTest.app */ = {isa = PBXFileReference; explicitFileType = wrapper.application; includeInIndex = 0; path = IDTest.app; sourceTree = BUILT_PRODUCTS_DIR; };
		076279E825F6178C0034F3F4 /* AppDelegate.swift */ = {isa = PBXFileReference; lastKnownFileType = sourcecode.swift; path = AppDelegate.swift; sourceTree = "<group>"; };
		076279EC25F6178C0034F3F4 /* ViewController.swift */ = {isa = PBXFileReference; lastKnownFileType = sourcecode.swift; path = ViewController.swift; sourceTree = "<group>"; };
		076279EF25F6178C0034F3F4 /* Base */ = {isa = PBXFileReference; lastKnownFileType = file.storyboard; name = Base; path = Base.lproj/Main.storyboard; sourceTree = "<group>"; };
		076279F125F6178D0034F3F4 /* Assets.xcassets */ = {isa = PBXFileReference; lastKnownFileType = folder.assetcatalog; path = Assets.xcassets; sourceTree = "<group>"; };
		076279F425F6178D0034F3F4 /* Base */ = {isa = PBXFileReference; lastKnownFileType = file.storyboard; name = Base; path = Base.lproj/LaunchScreen.storyboard; sourceTree = "<group>"; };
		076279F625F6178D0034F3F4 /* Info.plist */ = {isa = PBXFileReference; lastKnownFileType = text.plist.xml; path = Info.plist; sourceTree = "<group>"; };
		07627A1D25F61D700034F3F4 /* BaseCardDetectionViewController.swift */ = {isa = PBXFileReference; fileEncoding = 4; lastKnownFileType = sourcecode.swift; path = BaseCardDetectionViewController.swift; sourceTree = "<group>"; };
		07627A1E25F61D700034F3F4 /* DetectionOperations.swift */ = {isa = PBXFileReference; fileEncoding = 4; lastKnownFileType = sourcecode.swift; path = DetectionOperations.swift; sourceTree = "<group>"; };
		07627A1F25F61D700034F3F4 /* CardDetectionViewController.xib */ = {isa = PBXFileReference; fileEncoding = 4; lastKnownFileType = file.xib; path = CardDetectionViewController.xib; sourceTree = "<group>"; };
		07627A2025F61D700034F3F4 /* ObjectDetectionSessionHandler.swift */ = {isa = PBXFileReference; fileEncoding = 4; lastKnownFileType = sourcecode.swift; path = ObjectDetectionSessionHandler.swift; sourceTree = "<group>"; };
		07627A2125F61D700034F3F4 /* TorchSettings.swift */ = {isa = PBXFileReference; fileEncoding = 4; lastKnownFileType = sourcecode.swift; path = TorchSettings.swift; sourceTree = "<group>"; };
		07627A2225F61D700034F3F4 /* ObjectDetectionViewController.swift */ = {isa = PBXFileReference; fileEncoding = 4; lastKnownFileType = sourcecode.swift; path = ObjectDetectionViewController.swift; sourceTree = "<group>"; };
		07627A2325F61D700034F3F4 /* CMSampleBuffer+CGImage.swift */ = {isa = PBXFileReference; fileEncoding = 4; lastKnownFileType = sourcecode.swift; path = "CMSampleBuffer+CGImage.swift"; sourceTree = "<group>"; };
		07627A2425F61D700034F3F4 /* IDCardCamera.h */ = {isa = PBXFileReference; fileEncoding = 4; lastKnownFileType = sourcecode.c.h; path = IDCardCamera.h; sourceTree = "<group>"; };
		07627A2525F61D700034F3F4 /* CardDetectionViewController.swift */ = {isa = PBXFileReference; fileEncoding = 4; lastKnownFileType = sourcecode.swift; path = CardDetectionViewController.swift; sourceTree = "<group>"; };
		07627A2625F61D700034F3F4 /* CardDetectionViewControllerDelegate.swift */ = {isa = PBXFileReference; fileEncoding = 4; lastKnownFileType = sourcecode.swift; path = CardDetectionViewControllerDelegate.swift; sourceTree = "<group>"; };
		07627A2725F61D700034F3F4 /* CardDetectionSettings.swift */ = {isa = PBXFileReference; fileEncoding = 4; lastKnownFileType = sourcecode.swift; path = CardDetectionSettings.swift; sourceTree = "<group>"; };
		07627A3725F61E8B0034F3F4 /* SceneDelegate.swift */ = {isa = PBXFileReference; fileEncoding = 4; lastKnownFileType = sourcecode.swift; name = SceneDelegate.swift; path = ../../Desktop/SceneDelegate.swift; sourceTree = "<group>"; };
/* End PBXFileReference section */

/* Begin PBXFrameworksBuildPhase section */
		076279E225F6178C0034F3F4 /* Frameworks */ = {
			isa = PBXFrameworksBuildPhase;
			buildActionMask = 2147483647;
			files = (
			);
			runOnlyForDeploymentPostprocessing = 0;
		};
/* End PBXFrameworksBuildPhase section */

/* Begin PBXGroup section */
		076279DC25F6178C0034F3F4 = {
			isa = PBXGroup;
			children = (
				076279E725F6178C0034F3F4 /* IDTest */,
				076279E625F6178C0034F3F4 /* Products */,
			);
			sourceTree = "<group>";
		};
		076279E625F6178C0034F3F4 /* Products */ = {
			isa = PBXGroup;
			children = (
				076279E525F6178C0034F3F4 /* IDTest.app */,
			);
			name = Products;
			sourceTree = "<group>";
		};
		076279E725F6178C0034F3F4 /* IDTest */ = {
			isa = PBXGroup;
			children = (
				076279FD25F617970034F3F4 /* IDCamera */,
				076279E825F6178C0034F3F4 /* AppDelegate.swift */,
				076279EC25F6178C0034F3F4 /* ViewController.swift */,
				07627A3725F61E8B0034F3F4 /* SceneDelegate.swift */,
				076279EE25F6178C0034F3F4 /* Main.storyboard */,
				076279F125F6178D0034F3F4 /* Assets.xcassets */,
				076279F325F6178D0034F3F4 /* LaunchScreen.storyboard */,
				076279F625F6178D0034F3F4 /* Info.plist */,
			);
			path = IDTest;
			sourceTree = "<group>";
		};
		076279FD25F617970034F3F4 /* IDCamera */ = {
			isa = PBXGroup;
			children = (
				07627A1D25F61D700034F3F4 /* BaseCardDetectionViewController.swift */,
				07627A2725F61D700034F3F4 /* CardDetectionSettings.swift */,
				07627A2525F61D700034F3F4 /* CardDetectionViewController.swift */,
				07627A1F25F61D700034F3F4 /* CardDetectionViewController.xib */,
				07627A2625F61D700034F3F4 /* CardDetectionViewControllerDelegate.swift */,
				07627A2325F61D700034F3F4 /* CMSampleBuffer+CGImage.swift */,
				07627A1E25F61D700034F3F4 /* DetectionOperations.swift */,
				07627A2425F61D700034F3F4 /* IDCardCamera.h */,
				07627A2025F61D700034F3F4 /* ObjectDetectionSessionHandler.swift */,
				07627A2225F61D700034F3F4 /* ObjectDetectionViewController.swift */,
				07627A2125F61D700034F3F4 /* TorchSettings.swift */,
			);
			path = IDCamera;
			sourceTree = "<group>";
		};
/* End PBXGroup section */

/* Begin PBXNativeTarget section */
		076279E425F6178C0034F3F4 /* IDTest */ = {
			isa = PBXNativeTarget;
			buildConfigurationList = 076279F925F6178D0034F3F4 /* Build configuration list for PBXNativeTarget "IDTest" */;
			buildPhases = (
				076279E125F6178C0034F3F4 /* Sources */,
				076279E225F6178C0034F3F4 /* Frameworks */,
				076279E325F6178C0034F3F4 /* Resources */,
			);
			buildRules = (
			);
			dependencies = (
			);
			name = IDTest;
			productName = IDTest;
			productReference = 076279E525F6178C0034F3F4 /* IDTest.app */;
			productType = "com.apple.product-type.application";
		};
/* End PBXNativeTarget section */

/* Begin PBXProject section */
		076279DD25F6178C0034F3F4 /* Project object */ = {
			isa = PBXProject;
			attributes = {
				LastSwiftUpdateCheck = 1240;
				LastUpgradeCheck = 1240;
				TargetAttributes = {
					076279E425F6178C0034F3F4 = {
						CreatedOnToolsVersion = 12.4;
					};
				};
			};
			buildConfigurationList = 076279E025F6178C0034F3F4 /* Build configuration list for PBXProject "IDTest" */;
			compatibilityVersion = "Xcode 9.3";
			developmentRegion = en;
			hasScannedForEncodings = 0;
			knownRegions = (
				en,
				Base,
			);
			mainGroup = 076279DC25F6178C0034F3F4;
			productRefGroup = 076279E625F6178C0034F3F4 /* Products */;
			projectDirPath = "";
			projectRoot = "";
			targets = (
				076279E425F6178C0034F3F4 /* IDTest */,
			);
		};
/* End PBXProject section */

/* Begin PBXResourcesBuildPhase section */
		076279E325F6178C0034F3F4 /* Resources */ = {
			isa = PBXResourcesBuildPhase;
			buildActionMask = 2147483647;
			files = (
				07627A2A25F61D700034F3F4 /* CardDetectionViewController.xib in Resources */,
				076279F525F6178D0034F3F4 /* LaunchScreen.storyboard in Resources */,
				076279F225F6178D0034F3F4 /* Assets.xcassets in Resources */,
				076279F025F6178C0034F3F4 /* Main.storyboard in Resources */,
			);
			runOnlyForDeploymentPostprocessing = 0;
		};
/* End PBXResourcesBuildPhase section */

/* Begin PBXSourcesBuildPhase section */
		076279E125F6178C0034F3F4 /* Sources */ = {
			isa = PBXSourcesBuildPhase;
			buildActionMask = 2147483647;
			files = (
				07627A3125F61D700034F3F4 /* CardDetectionSettings.swift in Sources */,
				076279ED25F6178C0034F3F4 /* ViewController.swift in Sources */,
				076279E925F6178C0034F3F4 /* AppDelegate.swift in Sources */,
				07627A2B25F61D700034F3F4 /* ObjectDetectionSessionHandler.swift in Sources */,
				07627A3025F61D700034F3F4 /* CardDetectionViewControllerDelegate.swift in Sources */,
				07627A2D25F61D700034F3F4 /* ObjectDetectionViewController.swift in Sources */,
				07627A2F25F61D700034F3F4 /* CardDetectionViewController.swift in Sources */,
				07627A2C25F61D700034F3F4 /* TorchSettings.swift in Sources */,
				07627A2925F61D700034F3F4 /* DetectionOperations.swift in Sources */,
				07627A2825F61D700034F3F4 /* BaseCardDetectionViewController.swift in Sources */,
				07627A2E25F61D700034F3F4 /* CMSampleBuffer+CGImage.swift in Sources */,
				07627A3825F61E8B0034F3F4 /* SceneDelegate.swift in Sources */,
			);
			runOnlyForDeploymentPostprocessing = 0;
		};
/* End PBXSourcesBuildPhase section */

/* Begin PBXVariantGroup section */
		076279EE25F6178C0034F3F4 /* Main.storyboard */ = {
			isa = PBXVariantGroup;
			children = (
				076279EF25F6178C0034F3F4 /* Base */,
			);
			name = Main.storyboard;
			sourceTree = "<group>";
		};
		076279F325F6178D0034F3F4 /* LaunchScreen.storyboard */ = {
			isa = PBXVariantGroup;
			children = (
				076279F425F6178D0034F3F4 /* Base */,
			);
			name = LaunchScreen.storyboard;
			sourceTree = "<group>";
		};
/* End PBXVariantGroup section */

/* Begin XCBuildConfiguration section */
		076279F725F6178D0034F3F4 /* Debug */ = {
			isa = XCBuildConfiguration;
			buildSettings = {
				ALWAYS_SEARCH_USER_PATHS = NO;
				CLANG_ANALYZER_NONNULL = YES;
				CLANG_ANALYZER_NUMBER_OBJECT_CONVERSION = YES_AGGRESSIVE;
				CLANG_CXX_LANGUAGE_STANDARD = "gnu++14";
				CLANG_CXX_LIBRARY = "libc++";
				CLANG_ENABLE_MODULES = YES;
				CLANG_ENABLE_OBJC_ARC = YES;
				CLANG_ENABLE_OBJC_WEAK = YES;
				CLANG_WARN_BLOCK_CAPTURE_AUTORELEASING = YES;
				CLANG_WARN_BOOL_CONVERSION = YES;
				CLANG_WARN_COMMA = YES;
				CLANG_WARN_CONSTANT_CONVERSION = YES;
				CLANG_WARN_DEPRECATED_OBJC_IMPLEMENTATIONS = YES;
				CLANG_WARN_DIRECT_OBJC_ISA_USAGE = YES_ERROR;
				CLANG_WARN_DOCUMENTATION_COMMENTS = YES;
				CLANG_WARN_EMPTY_BODY = YES;
				CLANG_WARN_ENUM_CONVERSION = YES;
				CLANG_WARN_INFINITE_RECURSION = YES;
				CLANG_WARN_INT_CONVERSION = YES;
				CLANG_WARN_NON_LITERAL_NULL_CONVERSION = YES;
				CLANG_WARN_OBJC_IMPLICIT_RETAIN_SELF = YES;
				CLANG_WARN_OBJC_LITERAL_CONVERSION = YES;
				CLANG_WARN_OBJC_ROOT_CLASS = YES_ERROR;
				CLANG_WARN_QUOTED_INCLUDE_IN_FRAMEWORK_HEADER = YES;
				CLANG_WARN_RANGE_LOOP_ANALYSIS = YES;
				CLANG_WARN_STRICT_PROTOTYPES = YES;
				CLANG_WARN_SUSPICIOUS_MOVE = YES;
				CLANG_WARN_UNGUARDED_AVAILABILITY = YES_AGGRESSIVE;
				CLANG_WARN_UNREACHABLE_CODE = YES;
				CLANG_WARN__DUPLICATE_METHOD_MATCH = YES;
				COPY_PHASE_STRIP = NO;
				DEBUG_INFORMATION_FORMAT = dwarf;
				ENABLE_STRICT_OBJC_MSGSEND = YES;
				ENABLE_TESTABILITY = YES;
				GCC_C_LANGUAGE_STANDARD = gnu11;
				GCC_DYNAMIC_NO_PIC = NO;
				GCC_NO_COMMON_BLOCKS = YES;
				GCC_OPTIMIZATION_LEVEL = 0;
				GCC_PREPROCESSOR_DEFINITIONS = (
					"DEBUG=1",
					"$(inherited)",
				);
				GCC_WARN_64_TO_32_BIT_CONVERSION = YES;
				GCC_WARN_ABOUT_RETURN_TYPE = YES_ERROR;
				GCC_WARN_UNDECLARED_SELECTOR = YES;
				GCC_WARN_UNINITIALIZED_AUTOS = YES_AGGRESSIVE;
				GCC_WARN_UNUSED_FUNCTION = YES;
				GCC_WARN_UNUSED_VARIABLE = YES;
				IPHONEOS_DEPLOYMENT_TARGET = 14.4;
				MTL_ENABLE_DEBUG_INFO = INCLUDE_SOURCE;
				MTL_FAST_MATH = YES;
				ONLY_ACTIVE_ARCH = YES;
				SDKROOT = iphoneos;
				SWIFT_ACTIVE_COMPILATION_CONDITIONS = DEBUG;
				SWIFT_OPTIMIZATION_LEVEL = "-Onone";
			};
			name = Debug;
		};
		076279F825F6178D0034F3F4 /* Release */ = {
			isa = XCBuildConfiguration;
			buildSettings = {
				ALWAYS_SEARCH_USER_PATHS = NO;
				CLANG_ANALYZER_NONNULL = YES;
				CLANG_ANALYZER_NUMBER_OBJECT_CONVERSION = YES_AGGRESSIVE;
				CLANG_CXX_LANGUAGE_STANDARD = "gnu++14";
				CLANG_CXX_LIBRARY = "libc++";
				CLANG_ENABLE_MODULES = YES;
				CLANG_ENABLE_OBJC_ARC = YES;
				CLANG_ENABLE_OBJC_WEAK = YES;
				CLANG_WARN_BLOCK_CAPTURE_AUTORELEASING = YES;
				CLANG_WARN_BOOL_CONVERSION = YES;
				CLANG_WARN_COMMA = YES;
				CLANG_WARN_CONSTANT_CONVERSION = YES;
				CLANG_WARN_DEPRECATED_OBJC_IMPLEMENTATIONS = YES;
				CLANG_WARN_DIRECT_OBJC_ISA_USAGE = YES_ERROR;
				CLANG_WARN_DOCUMENTATION_COMMENTS = YES;
				CLANG_WARN_EMPTY_BODY = YES;
				CLANG_WARN_ENUM_CONVERSION = YES;
				CLANG_WARN_INFINITE_RECURSION = YES;
				CLANG_WARN_INT_CONVERSION = YES;
				CLANG_WARN_NON_LITERAL_NULL_CONVERSION = YES;
				CLANG_WARN_OBJC_IMPLICIT_RETAIN_SELF = YES;
				CLANG_WARN_OBJC_LITERAL_CONVERSION = YES;
				CLANG_WARN_OBJC_ROOT_CLASS = YES_ERROR;
				CLANG_WARN_QUOTED_INCLUDE_IN_FRAMEWORK_HEADER = YES;
				CLANG_WARN_RANGE_LOOP_ANALYSIS = YES;
				CLANG_WARN_STRICT_PROTOTYPES = YES;
				CLANG_WARN_SUSPICIOUS_MOVE = YES;
				CLANG_WARN_UNGUARDED_AVAILABILITY = YES_AGGRESSIVE;
				CLANG_WARN_UNREACHABLE_CODE = YES;
				CLANG_WARN__DUPLICATE_METHOD_MATCH = YES;
				COPY_PHASE_STRIP = NO;
				DEBUG_INFORMATION_FORMAT = "dwarf-with-dsym";
				ENABLE_NS_ASSERTIONS = NO;
				ENABLE_STRICT_OBJC_MSGSEND = YES;
				GCC_C_LANGUAGE_STANDARD = gnu11;
				GCC_NO_COMMON_BLOCKS = YES;
				GCC_WARN_64_TO_32_BIT_CONVERSION = YES;
				GCC_WARN_ABOUT_RETURN_TYPE = YES_ERROR;
				GCC_WARN_UNDECLARED_SELECTOR = YES;
				GCC_WARN_UNINITIALIZED_AUTOS = YES_AGGRESSIVE;
				GCC_WARN_UNUSED_FUNCTION = YES;
				GCC_WARN_UNUSED_VARIABLE = YES;
				IPHONEOS_DEPLOYMENT_TARGET = 14.4;
				MTL_ENABLE_DEBUG_INFO = NO;
				MTL_FAST_MATH = YES;
				SDKROOT = iphoneos;
				SWIFT_COMPILATION_MODE = wholemodule;
				SWIFT_OPTIMIZATION_LEVEL = "-O";
				VALIDATE_PRODUCT = YES;
			};
			name = Release;
		};
		076279FA25F6178D0034F3F4 /* Debug */ = {
			isa = XCBuildConfiguration;
			buildSettings = {
				ASSETCATALOG_COMPILER_APPICON_NAME = AppIcon;
				ASSETCATALOG_COMPILER_GLOBAL_ACCENT_COLOR_NAME = AccentColor;
				CODE_SIGN_STYLE = Automatic;
				DEVELOPMENT_TEAM = RU69S62U8R;
				INFOPLIST_FILE = IDTest/Info.plist;
				IPHONEOS_DEPLOYMENT_TARGET = 11.0;
				LD_RUNPATH_SEARCH_PATHS = (
					"$(inherited)",
					"@executable_path/Frameworks",
				);
				PRODUCT_BUNDLE_IDENTIFIER = com.shalabi.IDTest;
				PRODUCT_NAME = "$(TARGET_NAME)";
				SWIFT_VERSION = 5.0;
				TARGETED_DEVICE_FAMILY = "1,2";
			};
			name = Debug;
		};
		076279FB25F6178D0034F3F4 /* Release */ = {
			isa = XCBuildConfiguration;
			buildSettings = {
				ASSETCATALOG_COMPILER_APPICON_NAME = AppIcon;
				ASSETCATALOG_COMPILER_GLOBAL_ACCENT_COLOR_NAME = AccentColor;
				CODE_SIGN_STYLE = Automatic;
				DEVELOPMENT_TEAM = RU69S62U8R;
				INFOPLIST_FILE = IDTest/Info.plist;
				IPHONEOS_DEPLOYMENT_TARGET = 11.0;
				LD_RUNPATH_SEARCH_PATHS = (
					"$(inherited)",
					"@executable_path/Frameworks",
				);
				PRODUCT_BUNDLE_IDENTIFIER = com.shalabi.IDTest;
				PRODUCT_NAME = "$(TARGET_NAME)";
				SWIFT_VERSION = 5.0;
				TARGETED_DEVICE_FAMILY = "1,2";
			};
			name = Release;
		};
/* End XCBuildConfiguration section */

/* Begin XCConfigurationList section */
		076279E025F6178C0034F3F4 /* Build configuration list for PBXProject "IDTest" */ = {
			isa = XCConfigurationList;
			buildConfigurations = (
				076279F725F6178D0034F3F4 /* Debug */,
				076279F825F6178D0034F3F4 /* Release */,
			);
			defaultConfigurationIsVisible = 0;
			defaultConfigurationName = Release;
		};
		076279F925F6178D0034F3F4 /* Build configuration list for PBXNativeTarget "IDTest" */ = {
			isa = XCConfigurationList;
			buildConfigurations = (
				076279FA25F6178D0034F3F4 /* Debug */,
				076279FB25F6178D0034F3F4 /* Release */,
			);
			defaultConfigurationIsVisible = 0;
			defaultConfigurationName = Release;
		};
/* End XCConfigurationList section */
	};
	rootObject = 076279DD25F6178C0034F3F4 /* Project object */;
}
